
Microsoft Visual Studio Solution File, Format Version 12.00
# Visual Studio Version 17
VisualStudioVersion = 17.7.34031.279
MinimumVisualStudioVersion = 10.0.40219.1
Project("{9A19103F-16F7-4668-BE54-9A1E7A4F7556}") = "Aide", "Aide\Aide.csproj", "{9FF3276C-F304-404F-9B52-D28009745FBC}"
EndProject
Project("{9A19103F-16F7-4668-BE54-9A1E7A4F7556}") = "AppConfig", "AppConfig\AppConfig.csproj", "{EAD0D87B-3D8C-4895-B52C-9A4DC008CC46}"
EndProject
Project("{9A19103F-16F7-4668-BE54-9A1E7A4F7556}") = "StrixPost", "StrixPost\StrixPost.csproj", "{FAC424C4-925A-4F5D-AAC4-EFF0F32D80EA}"
EndProject
Project("{FAE04EC0-301F-11D3-BF4B-00C04F79EFBC}") = "TerminalWrapper", "TerminalWrapper\TerminalWrapper.csproj", "{0FB98FE7-D0E1-49AF-9696-C481827AA393}"
EndProject
Global
	GlobalSection(SolutionConfigurationPlatforms) = preSolution
		Debug|Any CPU = Debug|Any CPU
		Release|Any CPU = Release|Any CPU
	EndGlobalSection
	GlobalSection(ProjectConfigurationPlatforms) = postSolution
		{9FF3276C-F304-404F-9B52-D28009745FBC}.Debug|Any CPU.ActiveCfg = Debug|Any CPU
		{9FF3276C-F304-404F-9B52-D28009745FBC}.Debug|Any CPU.Build.0 = Debug|Any CPU
		{9FF3276C-F304-404F-9B52-D28009745FBC}.Release|Any CPU.ActiveCfg = Release|Any CPU
		{9FF3276C-F304-404F-9B52-D28009745FBC}.Release|Any CPU.Build.0 = Release|Any CPU
		{EAD0D87B-3D8C-4895-B52C-9A4DC008CC46}.Debug|Any CPU.ActiveCfg = Debug|Any CPU
		{EAD0D87B-3D8C-4895-B52C-9A4DC008CC46}.Debug|Any CPU.Build.0 = Debug|Any CPU
		{EAD0D87B-3D8C-4895-B52C-9A4DC008CC46}.Release|Any CPU.ActiveCfg = Release|Any CPU
		{EAD0D87B-3D8C-4895-B52C-9A4DC008CC46}.Release|Any CPU.Build.0 = Release|Any CPU
		{FAC424C4-925A-4F5D-AAC4-EFF0F32D80EA}.Debug|Any CPU.ActiveCfg = Debug|Any CPU
		{FAC424C4-925A-4F5D-AAC4-EFF0F32D80EA}.Debug|Any CPU.Build.0 = Debug|Any CPU
		{FAC424C4-925A-4F5D-AAC4-EFF0F32D80EA}.Release|Any CPU.ActiveCfg = Release|Any CPU
		{FAC424C4-925A-4F5D-AAC4-EFF0F32D80EA}.Release|Any CPU.Build.0 = Release|Any CPU
		{0FB98FE7-D0E1-49AF-9696-C481827AA393}.Debug|Any CPU.ActiveCfg = Debug|Any CPU
		{0FB98FE7-D0E1-49AF-9696-C481827AA393}.Debug|Any CPU.Build.0 = Debug|Any CPU
		{0FB98FE7-D0E1-49AF-9696-C481827AA393}.Release|Any CPU.ActiveCfg = Release|Any CPU
		{0FB98FE7-D0E1-49AF-9696-C481827AA393}.Release|Any CPU.Build.0 = Release|Any CPU
	EndGlobalSection
	GlobalSection(SolutionProperties) = preSolution
		HideSolutionNode = FALSE
	EndGlobalSection
	GlobalSection(ExtensibilityGlobals) = postSolution
		SolutionGuid = {E1189B2C-F305-4AE9-93AA-796087CAF8D4}
	EndGlobalSection
EndGlobal
